
Microsoft Visual Studio Solution File, Format Version 12.00
# Visual Studio 2013
VisualStudioVersion = 12.0.31101.0
MinimumVisualStudioVersion = 10.0.40219.1
Project("{FAE04EC0-301F-11D3-BF4B-00C04F79EFBC}") = "Redback", "src\redback\Redback.csproj", "{0642D2C4-5AFD-4E18-9BE4-20EA7CEAAB93}"
EndProject
Project("{FAE04EC0-301F-11D3-BF4B-00C04F79EFBC}") = "Redback.Tests", "src\Redback.Tests\Redback.Tests.csproj", "{E30609BA-7E65-4624-91AF-09FA8977EA8F}"
EndProject
Project("{2150E333-8FDC-42A3-9474-1A3956D46DE8}") = ".nuget", ".nuget", "{D0E8A71E-FC5F-41BA-9721-6742F9B9DF40}"
	ProjectSection(SolutionItems) = preProject
		.nuget\NuGet.Config = .nuget\NuGet.Config
		.nuget\NuGet.exe = .nuget\NuGet.exe
		.nuget\NuGet.targets = .nuget\NuGet.targets
		.nuget\packages.config = .nuget\packages.config
	EndProjectSection
EndProject
Project("{2150E333-8FDC-42A3-9474-1A3956D46DE8}") = "SolutionItems", "SolutionItems", "{4DBC88A8-0E83-4034-8110-48D78970A8EE}"
EndProject
Project("{2150E333-8FDC-42A3-9474-1A3956D46DE8}") = "Properties", "Properties", "{E35EF304-396A-45AB-A253-D7CA19E33E0A}"
	ProjectSection(SolutionItems) = preProject
		SolutionItems\Properties\AssemblyInfo.cs = SolutionItems\Properties\AssemblyInfo.cs
	EndProjectSection
EndProject
Global
	GlobalSection(SolutionConfigurationPlatforms) = preSolution
		Debug|Any CPU = Debug|Any CPU
		Release|Any CPU = Release|Any CPU
	EndGlobalSection
	GlobalSection(ProjectConfigurationPlatforms) = postSolution
		{0642D2C4-5AFD-4E18-9BE4-20EA7CEAAB93}.Debug|Any CPU.ActiveCfg = Debug|Any CPU
		{0642D2C4-5AFD-4E18-9BE4-20EA7CEAAB93}.Debug|Any CPU.Build.0 = Debug|Any CPU
		{0642D2C4-5AFD-4E18-9BE4-20EA7CEAAB93}.Release|Any CPU.ActiveCfg = Release|Any CPU
		{0642D2C4-5AFD-4E18-9BE4-20EA7CEAAB93}.Release|Any CPU.Build.0 = Release|Any CPU
		{E30609BA-7E65-4624-91AF-09FA8977EA8F}.Debug|Any CPU.ActiveCfg = Debug|Any CPU
		{E30609BA-7E65-4624-91AF-09FA8977EA8F}.Debug|Any CPU.Build.0 = Debug|Any CPU
		{E30609BA-7E65-4624-91AF-09FA8977EA8F}.Release|Any CPU.ActiveCfg = Release|Any CPU
		{E30609BA-7E65-4624-91AF-09FA8977EA8F}.Release|Any CPU.Build.0 = Release|Any CPU
	EndGlobalSection
	GlobalSection(SolutionProperties) = preSolution
		HideSolutionNode = FALSE
	EndGlobalSection
	GlobalSection(NestedProjects) = preSolution
		{E35EF304-396A-45AB-A253-D7CA19E33E0A} = {4DBC88A8-0E83-4034-8110-48D78970A8EE}
	EndGlobalSection
EndGlobal
